
Microsoft Visual Studio Solution File, Format Version 12.00
# Visual Studio Version 17
VisualStudioVersion = 17.7.34202.233
MinimumVisualStudioVersion = 10.0.40219.1
Project("{FAE04EC0-301F-11D3-BF4B-00C04F79EFBC}") = "shop", "shop\shop.csproj", "{46A6C0A2-2BCB-4BD1-B38C-058AF56E30D5}"
EndProject
Global
	GlobalSection(SolutionConfigurationPlatforms) = preSolution
		Debug|Any CPU = Debug|Any CPU
		Release|Any CPU = Release|Any CPU
	EndGlobalSection
	GlobalSection(ProjectConfigurationPlatforms) = postSolution
		{46A6C0A2-2BCB-4BD1-B38C-058AF56E30D5}.Debug|Any CPU.ActiveCfg = Debug|Any CPU
		{46A6C0A2-2BCB-4BD1-B38C-058AF56E30D5}.Debug|Any CPU.Build.0 = Debug|Any CPU
		{46A6C0A2-2BCB-4BD1-B38C-058AF56E30D5}.Release|Any CPU.ActiveCfg = Release|Any CPU
		{46A6C0A2-2BCB-4BD1-B38C-058AF56E30D5}.Release|Any CPU.Build.0 = Release|Any CPU
	EndGlobalSection
	GlobalSection(SolutionProperties) = preSolution
		HideSolutionNode = FALSE
	EndGlobalSection
	GlobalSection(ExtensibilityGlobals) = postSolution
		SolutionGuid = {AC545C8D-94FD-4CB3-8B29-20A639EE14F0}
	EndGlobalSection
EndGlobal
